Microsoft Visual Studio Solution File, Format Version 12.00
# Visual Studio 14
VisualStudioVersion = 14.0.23107.0
MinimumVisualStudioVersion = 10.0.40219.1
Project("{FAE04EC0-301F-11D3-BF4B-00C04F79EFBC}") = "DataLayer.Contract", "DataLayerAsync\DataLayer.Contract.csproj", "{513AA1E9-76BF-4581-844F-9B0F4EAFA6F2}"
EndProject
Project("{FAE04EC0-301F-11D3-BF4B-00C04F79EFBC}") = "TodoAsync", "TodoAsync\TodoAsync.csproj", "{FFC7356B-9FE1-4794-986A-9066FB8D71C3}"
EndProject
Project("{FAE04EC0-301F-11D3-BF4B-00C04F79EFBC}") = "InMemoryDataLayer", "InMemoryDataLayer\InMemoryDataLayer.csproj", "{53A93478-82B8-4FC7-8A49-A2C452963349}"
EndProject
Project("{FAE04EC0-301F-11D3-BF4B-00C04F79EFBC}") = "FileSystemDataLayer", "FileSystemDataLayer\FileSystemDataLayer.csproj", "{B6CC4180-F352-433E-8813-6AA4C2E0D1EF}"
EndProject
Project("{2150E333-8FDC-42A3-9474-1A3956D46DE8}") = "Tests", "Tests", "{A040A049-78DD-4F5E-ACF0-2A683B96DFFF}"
EndProject
Project("{FAE04EC0-301F-11D3-BF4B-00C04F79EFBC}") = "DataLayer.Tests", "Tests\DataLayer.Tests\DataLayer.Tests.csproj", "{727837E1-C881-4C8E-B5C4-F739B041689A}"
EndProject
Project("{FAE04EC0-301F-11D3-BF4B-00C04F79EFBC}") = "TodoAsync.Tests", "Tests\TodoAsync.Tests\TodoAsync.Tests.csproj", "{22A6CF76-E551-4212-B955-B629B43C93BF}"
EndProject
Global
	GlobalSection(SolutionConfigurationPlatforms) = preSolution
		Debug|Any CPU = Debug|Any CPU
		Release|Any CPU = Release|Any CPU
	EndGlobalSection
	GlobalSection(ProjectConfigurationPlatforms) = postSolution
		{513AA1E9-76BF-4581-844F-9B0F4EAFA6F2}.Debug|Any CPU.ActiveCfg = Debug|Any CPU
		{513AA1E9-76BF-4581-844F-9B0F4EAFA6F2}.Debug|Any CPU.Build.0 = Debug|Any CPU
		{513AA1E9-76BF-4581-844F-9B0F4EAFA6F2}.Release|Any CPU.ActiveCfg = Release|Any CPU
		{513AA1E9-76BF-4581-844F-9B0F4EAFA6F2}.Release|Any CPU.Build.0 = Release|Any CPU
		{FFC7356B-9FE1-4794-986A-9066FB8D71C3}.Debug|Any CPU.ActiveCfg = Debug|Any CPU
		{FFC7356B-9FE1-4794-986A-9066FB8D71C3}.Debug|Any CPU.Build.0 = Debug|Any CPU
		{FFC7356B-9FE1-4794-986A-9066FB8D71C3}.Release|Any CPU.ActiveCfg = Release|Any CPU
		{FFC7356B-9FE1-4794-986A-9066FB8D71C3}.Release|Any CPU.Build.0 = Release|Any CPU
		{53A93478-82B8-4FC7-8A49-A2C452963349}.Debug|Any CPU.ActiveCfg = Debug|Any CPU
		{53A93478-82B8-4FC7-8A49-A2C452963349}.Debug|Any CPU.Build.0 = Debug|Any CPU
		{53A93478-82B8-4FC7-8A49-A2C452963349}.Release|Any CPU.ActiveCfg = Release|Any CPU
		{53A93478-82B8-4FC7-8A49-A2C452963349}.Release|Any CPU.Build.0 = Release|Any CPU
		{B6CC4180-F352-433E-8813-6AA4C2E0D1EF}.Debug|Any CPU.ActiveCfg = Debug|Any CPU
		{B6CC4180-F352-433E-8813-6AA4C2E0D1EF}.Debug|Any CPU.Build.0 = Debug|Any CPU
		{B6CC4180-F352-433E-8813-6AA4C2E0D1EF}.Release|Any CPU.ActiveCfg = Release|Any CPU
		{B6CC4180-F352-433E-8813-6AA4C2E0D1EF}.Release|Any CPU.Build.0 = Release|Any CPU
		{727837E1-C881-4C8E-B5C4-F739B041689A}.Debug|Any CPU.ActiveCfg = Debug|Any CPU
		{727837E1-C881-4C8E-B5C4-F739B041689A}.Debug|Any CPU.Build.0 = Debug|Any CPU
		{727837E1-C881-4C8E-B5C4-F739B041689A}.Release|Any CPU.ActiveCfg = Release|Any CPU
		{727837E1-C881-4C8E-B5C4-F739B041689A}.Release|Any CPU.Build.0 = Release|Any CPU
		{22A6CF76-E551-4212-B955-B629B43C93BF}.Debug|Any CPU.ActiveCfg = Debug|Any CPU
		{22A6CF76-E551-4212-B955-B629B43C93BF}.Debug|Any CPU.Build.0 = Debug|Any CPU
		{22A6CF76-E551-4212-B955-B629B43C93BF}.Release|Any CPU.ActiveCfg = Release|Any CPU
		{22A6CF76-E551-4212-B955-B629B43C93BF}.Release|Any CPU.Build.0 = Release|Any CPU
	EndGlobalSection
	GlobalSection(SolutionProperties) = preSolution
		HideSolutionNode = FALSE
	EndGlobalSection
	GlobalSection(NestedProjects) = preSolution
		{727837E1-C881-4C8E-B5C4-F739B041689A} = {A040A049-78DD-4F5E-ACF0-2A683B96DFFF}
		{22A6CF76-E551-4212-B955-B629B43C93BF} = {A040A049-78DD-4F5E-ACF0-2A683B96DFFF}
	EndGlobalSection
EndGlobal
